
Microsoft Visual Studio Solution File, Format Version 12.00
# Visual Studio Version 17
VisualStudioVersion = 17.8.34322.80
MinimumVisualStudioVersion = 10.0.40219.1
Project("{FAE04EC0-301F-11D3-BF4B-00C04F79EFBC}") = "FilmsApp", "FilmsApp\FilmsApp.csproj", "{81DE0F10-A109-4CD5-8C2E-6D213426849F}"
EndProject
Global
	GlobalSection(SolutionConfigurationPlatforms) = preSolution
		Debug|Any CPU = Debug|Any CPU
		Release|Any CPU = Release|Any CPU
	EndGlobalSection
	GlobalSection(ProjectConfigurationPlatforms) = postSolution
		{81DE0F10-A109-4CD5-8C2E-6D213426849F}.Debug|Any CPU.ActiveCfg = Debug|Any CPU
		{81DE0F10-A109-4CD5-8C2E-6D213426849F}.Debug|Any CPU.Build.0 = Debug|Any CPU
		{81DE0F10-A109-4CD5-8C2E-6D213426849F}.Debug|Any CPU.Deploy.0 = Debug|Any CPU
		{81DE0F10-A109-4CD5-8C2E-6D213426849F}.Release|Any CPU.ActiveCfg = Release|Any CPU
		{81DE0F10-A109-4CD5-8C2E-6D213426849F}.Release|Any CPU.Build.0 = Release|Any CPU
		{81DE0F10-A109-4CD5-8C2E-6D213426849F}.Release|Any CPU.Deploy.0 = Release|Any CPU
	EndGlobalSection
	GlobalSection(SolutionProperties) = preSolution
		HideSolutionNode = FALSE
	EndGlobalSection
	GlobalSection(ExtensibilityGlobals) = postSolution
		SolutionGuid = {A203D6ED-139E-4DF7-81C8-7BD8F5670E8F}
	EndGlobalSection
EndGlobal
